
Microsoft Visual Studio Solution File, Format Version 12.00
# Visual Studio Version 17
VisualStudioVersion = 17.6.33829.357
MinimumVisualStudioVersion = 10.0.40219.1
Project("{9A19103F-16F7-4668-BE54-9A1E7A4F7556}") = "UserControl.API", "UserControl.API.csproj", "{276308B4-6236-4534-93D6-C490EB7800F1}"
EndProject
Project("{2150E333-8FDC-42A3-9474-1A3956D46DE8}") = "1 - APIs", "1 - APIs", "{B9761E95-3504-4586-B87E-046C33AE8EEC}"
EndProject
Project("{2150E333-8FDC-42A3-9474-1A3956D46DE8}") = "2 - Application", "2 - Application", "{EA81ABF7-A426-47A4-992F-FBFF542B359A}"
EndProject
Project("{2150E333-8FDC-42A3-9474-1A3956D46DE8}") = "3 - Domain", "3 - Domain", "{E01546B1-7049-4501-8EF0-2F449819A010}"
EndProject
Project("{2150E333-8FDC-42A3-9474-1A3956D46DE8}") = "4 - Infrastructure", "4 - Infrastructure", "{CA761A3C-4718-48D6-835B-9C721FFB517E}"
EndProject
Project("{FAE04EC0-301F-11D3-BF4B-00C04F79EFBC}") = "UserControl.Application", "..\UserControl.Application\UserControl.Application.csproj", "{CDCD2289-4B0D-4DFF-85D5-E2B3DCF8505C}"
EndProject
Project("{FAE04EC0-301F-11D3-BF4B-00C04F79EFBC}") = "UserControl.Domain", "..\UserControl.Domain\UserControl.Domain.csproj", "{BB056F54-1637-44AA-A7A6-ABF29F0CA98F}"
EndProject
Project("{FAE04EC0-301F-11D3-BF4B-00C04F79EFBC}") = "UserControl.Infrastructure", "..\UserControl.Infrastructure\UserControl.Infrastructure.csproj", "{B737319E-3610-4A4D-98B6-8F57E97B0BBC}"
EndProject
Global
	GlobalSection(SolutionConfigurationPlatforms) = preSolution
		Debug|Any CPU = Debug|Any CPU
		Release|Any CPU = Release|Any CPU
	EndGlobalSection
	GlobalSection(ProjectConfigurationPlatforms) = postSolution
		{276308B4-6236-4534-93D6-C490EB7800F1}.Debug|Any CPU.ActiveCfg = Debug|Any CPU
		{276308B4-6236-4534-93D6-C490EB7800F1}.Debug|Any CPU.Build.0 = Debug|Any CPU
		{276308B4-6236-4534-93D6-C490EB7800F1}.Release|Any CPU.ActiveCfg = Release|Any CPU
		{276308B4-6236-4534-93D6-C490EB7800F1}.Release|Any CPU.Build.0 = Release|Any CPU
		{CDCD2289-4B0D-4DFF-85D5-E2B3DCF8505C}.Debug|Any CPU.ActiveCfg = Debug|Any CPU
		{CDCD2289-4B0D-4DFF-85D5-E2B3DCF8505C}.Debug|Any CPU.Build.0 = Debug|Any CPU
		{CDCD2289-4B0D-4DFF-85D5-E2B3DCF8505C}.Release|Any CPU.ActiveCfg = Release|Any CPU
		{CDCD2289-4B0D-4DFF-85D5-E2B3DCF8505C}.Release|Any CPU.Build.0 = Release|Any CPU
		{BB056F54-1637-44AA-A7A6-ABF29F0CA98F}.Debug|Any CPU.ActiveCfg = Debug|Any CPU
		{BB056F54-1637-44AA-A7A6-ABF29F0CA98F}.Debug|Any CPU.Build.0 = Debug|Any CPU
		{BB056F54-1637-44AA-A7A6-ABF29F0CA98F}.Release|Any CPU.ActiveCfg = Release|Any CPU
		{BB056F54-1637-44AA-A7A6-ABF29F0CA98F}.Release|Any CPU.Build.0 = Release|Any CPU
		{B737319E-3610-4A4D-98B6-8F57E97B0BBC}.Debug|Any CPU.ActiveCfg = Debug|Any CPU
		{B737319E-3610-4A4D-98B6-8F57E97B0BBC}.Debug|Any CPU.Build.0 = Debug|Any CPU
		{B737319E-3610-4A4D-98B6-8F57E97B0BBC}.Release|Any CPU.ActiveCfg = Release|Any CPU
		{B737319E-3610-4A4D-98B6-8F57E97B0BBC}.Release|Any CPU.Build.0 = Release|Any CPU
	EndGlobalSection
	GlobalSection(SolutionProperties) = preSolution
		HideSolutionNode = FALSE
	EndGlobalSection
	GlobalSection(NestedProjects) = preSolution
		{276308B4-6236-4534-93D6-C490EB7800F1} = {B9761E95-3504-4586-B87E-046C33AE8EEC}
		{CDCD2289-4B0D-4DFF-85D5-E2B3DCF8505C} = {EA81ABF7-A426-47A4-992F-FBFF542B359A}
		{BB056F54-1637-44AA-A7A6-ABF29F0CA98F} = {E01546B1-7049-4501-8EF0-2F449819A010}
		{B737319E-3610-4A4D-98B6-8F57E97B0BBC} = {CA761A3C-4718-48D6-835B-9C721FFB517E}
	EndGlobalSection
	GlobalSection(ExtensibilityGlobals) = postSolution
		SolutionGuid = {255126D7-81DB-4844-A47D-13FD0B581BE1}
	EndGlobalSection
EndGlobal
